schema: '2.0'
stages:
  teacher_train:
    cmd: python src/teacher_train.py
    deps:
    - path: src/teacher_train.py
      hash: md5
      md5: 1aa2cabee55b92e134810b6ac12c81d6
      size: 6428
    - path: src/utils/utils.py
      hash: md5
      md5: 2683e1fe8caf67063752059b9a8e9546
      size: 3582
    params:
      params.yaml:
        train-teacher:
          lr: 2e-05
          epochs: 1
          batch_size: 64
    outs:
    - path: metrics/teacher/training_plot.png
      hash: md5
      md5: d626e5316aa1a1680c9fe8a935588825
      size: 18468
    - path: models/teacher.pt
      hash: md5
      md5: e8627316682bd55d26764ca423f3366f
      size: 343292938
  teacher_test:
    cmd: python src/teacher_test.py
    deps:
    - path: models/teacher.pt
      hash: md5
      md5: e8627316682bd55d26764ca423f3366f
      size: 343292938
    - path: src/teacher_test.py
      hash: md5
      md5: c4e5b94578f79ecfb7bc21641a6777b7
      size: 4404
    outs:
    - path: data/teacher.npy
      hash: md5
      md5: f61816a41a4457bb2d97f544a4ae1f43
      size: 3328
    - path: metrics/teacher/confusion_matrix.png
      hash: md5
      md5: 831febc61db7f30c7123e90825682038
      size: 33344
    - path: metrics/teacher/metrics.json
      hash: md5
      md5: 03018f2ee56dd6f045f79e37c605e62f
      size: 108
  student_train:
    cmd: python src/student_train.py
    deps:
    - path: data/teacher.npy
      hash: md5
      md5: f61816a41a4457bb2d97f544a4ae1f43
      size: 3328
    - path: src/student_train.py
      hash: md5
      md5: 052d77fe825ff18d56f927327e71860d
      size: 7427
    - path: src/utils/utils.py
      hash: md5
      md5: 2683e1fe8caf67063752059b9a8e9546
      size: 3582
    outs:
    - path: metrics/student/training_plot.png
      hash: md5
      md5: fbfd7badc0178612ee6f2d4879a1a11c
      size: 19553
    - path: models/student.pt
      hash: md5
      md5: 5eab430df34800bea7feab22d93021c8
      size: 9185282
  student_test:
    cmd: python src/student_test.py
    deps:
    - path: models/student.pt
      hash: md5
      md5: 5eab430df34800bea7feab22d93021c8
      size: 9185282
    - path: src/student_test.py
      hash: md5
      md5: 8ba3a4a9524e2bbeba052848b76336e3
      size: 3488
    outs:
    - path: metrics/student/confusion_matrix.png
      hash: md5
      md5: 89440738b244a28f82077cabe2f9d314
      size: 33870
    - path: metrics/student/metrics.json
      hash: md5
      md5: e468e2682aeec2519204000176ad5db4
      size: 83
