schema: '2.0'
stages:
  teacher_train:
    cmd: python src/teacher_train.py
    deps:
    - path: src/teacher_train.py
      hash: md5
      md5: e4da0ba23e1d2eb72e2f31ce35ffd2f2
      size: 3429
  teacher_test:
    cmd: python src/teacher_test.py
    deps:
    - path: models/teacher.pt
      hash: md5
      md5: d5093218d6df05f69aff59723f158e03
      size: 2183208
    - path: src/teacher_test.py
      hash: md5
      md5: e2d60c24b85c8e5e87f1994a704652b1
      size: 3521
    outs:
    - path: data/teacher.npy
      hash: md5
      md5: 686c8667fda7bb78621d361f7b304b9e
      size: 2000128
  student_train:
    cmd: python src/student_train.py
    deps:
    - path: data/teacher.npy
      hash: md5
      md5: 686c8667fda7bb78621d361f7b304b9e
      size: 2000128
    - path: src/student_train.py
      hash: md5
      md5: ab4aeb2c86b49b11f02eade11c59afb5
      size: 5339
  student_test:
    cmd: python src/student_test.py
    deps:
    - path: models/student.pt
      hash: md5
      md5: 459896c2510b7eacd4ed238bcb07500c
      size: 140968
    - path: src/student_test.py
      hash: md5
      md5: f0bd1916e926ffa1617e2c44af5b928b
      size: 2682
